
Microsoft Visual Studio Solution File, Format Version 12.00
# Visual Studio 14
VisualStudioVersion = 14.0.25420.1
MinimumVisualStudioVersion = 10.0.40219.1
Project("{FAE04EC0-301F-11D3-BF4B-00C04F79EFBC}") = "OdeToBikes", "OdeToBikes\OdeToBikes.csproj", "{C48004F8-C4F7-452B-B995-FA2DC8167322}"
EndProject
Project("{FAE04EC0-301F-11D3-BF4B-00C04F79EFBC}") = "OdeToBikes.Tests", "OdeToBikes.Tests\OdeToBikes.Tests.csproj", "{164FFE40-80AB-486D-828A-0561B2A8EE64}"
EndProject
Global
	GlobalSection(SolutionConfigurationPlatforms) = preSolution
		Debug|Any CPU = Debug|Any CPU
		Release|Any CPU = Release|Any CPU
	EndGlobalSection
	GlobalSection(ProjectConfigurationPlatforms) = postSolution
		{C48004F8-C4F7-452B-B995-FA2DC8167322}.Debug|Any CPU.ActiveCfg = Debug|Any CPU
		{C48004F8-C4F7-452B-B995-FA2DC8167322}.Debug|Any CPU.Build.0 = Debug|Any CPU
		{C48004F8-C4F7-452B-B995-FA2DC8167322}.Release|Any CPU.ActiveCfg = Release|Any CPU
		{C48004F8-C4F7-452B-B995-FA2DC8167322}.Release|Any CPU.Build.0 = Release|Any CPU
		{164FFE40-80AB-486D-828A-0561B2A8EE64}.Debug|Any CPU.ActiveCfg = Debug|Any CPU
		{164FFE40-80AB-486D-828A-0561B2A8EE64}.Debug|Any CPU.Build.0 = Debug|Any CPU
		{164FFE40-80AB-486D-828A-0561B2A8EE64}.Release|Any CPU.ActiveCfg = Release|Any CPU
		{164FFE40-80AB-486D-828A-0561B2A8EE64}.Release|Any CPU.Build.0 = Release|Any CPU
	EndGlobalSection
	GlobalSection(SolutionProperties) = preSolution
		HideSolutionNode = FALSE
	EndGlobalSection
EndGlobal
